
Microsoft Visual Studio Solution File, Format Version 12.00
# Visual Studio Version 17
VisualStudioVersion = 17.3.32901.215
MinimumVisualStudioVersion = 10.0.40219.1
Project("{FAE04EC0-301F-11D3-BF4B-00C04F79EFBC}") = "Quests", "Quests.csproj", "{CF80F78C-BDE1-40C4-B82F-640ED131EDFC}"
EndProject
Global
	GlobalSection(SolutionConfigurationPlatforms) = preSolution
		Debug|Any CPU = Debug|Any CPU
		Release|Any CPU = Release|Any CPU
	EndGlobalSection
	GlobalSection(ProjectConfigurationPlatforms) = postSolution
		{CF80F78C-BDE1-40C4-B82F-640ED131EDFC}.Debug|Any CPU.ActiveCfg = Debug|Any CPU
		{CF80F78C-BDE1-40C4-B82F-640ED131EDFC}.Debug|Any CPU.Build.0 = Debug|Any CPU
		{CF80F78C-BDE1-40C4-B82F-640ED131EDFC}.Release|Any CPU.ActiveCfg = Release|Any CPU
		{CF80F78C-BDE1-40C4-B82F-640ED131EDFC}.Release|Any CPU.Build.0 = Release|Any CPU
	EndGlobalSection
	GlobalSection(SolutionProperties) = preSolution
		HideSolutionNode = FALSE
	EndGlobalSection
	GlobalSection(ExtensibilityGlobals) = postSolution
		SolutionGuid = {857E5DAE-4FB7-4016-A506-8531B5C9A440}
	EndGlobalSection
EndGlobal
